
Microsoft Visual Studio Solution File, Format Version 12.00
# Visual Studio Version 17
VisualStudioVersion = 17.11.35222.181
MinimumVisualStudioVersion = 10.0.40219.1
Project("{FAE04EC0-301F-11D3-BF4B-00C04F79EFBC}") = "StudentSystem", "StudentSystem\StudentSystem.csproj", "{ADBB6DC9-CAE2-4D83-9CCF-73B787A7E94A}"
EndProject
Global
	GlobalSection(SolutionConfigurationPlatforms) = preSolution
		Debug|Any CPU = Debug|Any CPU
		Release|Any CPU = Release|Any CPU
	EndGlobalSection
	GlobalSection(ProjectConfigurationPlatforms) = postSolution
		{ADBB6DC9-CAE2-4D83-9CCF-73B787A7E94A}.Debug|Any CPU.ActiveCfg = Debug|Any CPU
		{ADBB6DC9-CAE2-4D83-9CCF-73B787A7E94A}.Debug|Any CPU.Build.0 = Debug|Any CPU
		{ADBB6DC9-CAE2-4D83-9CCF-73B787A7E94A}.Release|Any CPU.ActiveCfg = Release|Any CPU
		{ADBB6DC9-CAE2-4D83-9CCF-73B787A7E94A}.Release|Any CPU.Build.0 = Release|Any CPU
	EndGlobalSection
	GlobalSection(SolutionProperties) = preSolution
		HideSolutionNode = FALSE
	EndGlobalSection
	GlobalSection(ExtensibilityGlobals) = postSolution
		SolutionGuid = {30E125B1-FB79-4D84-827A-A0FF19ABDAD5}
	EndGlobalSection
EndGlobal
